
Microsoft Visual Studio Solution File, Format Version 12.00
# Visual Studio 15
VisualStudioVersion = 15.0.28307.539
MinimumVisualStudioVersion = 10.0.40219.1
Project("{2150E333-8FDC-42A3-9474-1A3956D46DE8}") = "BatchFramework", "BatchFramework", "{7B1E48B6-45DC-4545-9135-49BDEDECB4B3}"
EndProject
Project("{2150E333-8FDC-42A3-9474-1A3956D46DE8}") = "BusinessLayer", "BusinessLayer", "{E38B0BA2-AAF2-470B-B744-4255D970D07A}"
EndProject
Project("{2150E333-8FDC-42A3-9474-1A3956D46DE8}") = "CommonLayer", "CommonLayer", "{13EF3860-AC98-4195-A3F2-4A9BC8061956}"
EndProject
Project("{2150E333-8FDC-42A3-9474-1A3956D46DE8}") = "PersistenceLayer", "PersistenceLayer", "{EDCDE835-4CB2-48C1-A650-E837198BC817}"
EndProject
Project("{2150E333-8FDC-42A3-9474-1A3956D46DE8}") = "PresentationLayer", "PresentationLayer", "{B7E00FF9-5A6E-40BE-8A19-368F0904B4CC}"
EndProject
Project("{2150E333-8FDC-42A3-9474-1A3956D46DE8}") = "UnitTesting", "UnitTesting", "{05ACA57B-D686-44D7-9A70-8E5105792F7D}"
EndProject
Project("{FAE04EC0-301F-11D3-BF4B-00C04F79EFBC}") = "ServiceUnitTest", "ServiceUnitTest\ServiceUnitTest.csproj", "{4D2CFE6D-7CE6-4A1D-B18C-00E18DD3C13E}"
EndProject
Project("{2150E333-8FDC-42A3-9474-1A3956D46DE8}") = "ExternalServiceLayer", "ExternalServiceLayer", "{54C58D01-385B-46C6-9FCB-B497F7114EC8}"
EndProject
Project("{FAE04EC0-301F-11D3-BF4B-00C04F79EFBC}") = "AccuIT.BusinessLayer.Base", "AccuIT.BusinessLayer.Base\AccuIT.BusinessLayer.Base.csproj", "{2E0033C2-DC90-42DD-949A-A06715153582}"
EndProject
Project("{FAE04EC0-301F-11D3-BF4B-00C04F79EFBC}") = "AccuIT.BusinessLayer.ServiceImpl", "AccuIT.BusinessLayer.ServiceImpl\AccuIT.BusinessLayer.ServiceImpl.csproj", "{1E19237F-B4B4-4320-864D-BC0568C1EDA6}"
EndProject
Project("{FAE04EC0-301F-11D3-BF4B-00C04F79EFBC}") = "AccuIT.BusinessLayer.Services", "AccuIT.BusinessLayer.Services\AccuIT.BusinessLayer.Services.csproj", "{1F2D0A83-D105-4790-B5E8-90FC5A648102}"
EndProject
Project("{FAE04EC0-301F-11D3-BF4B-00C04F79EFBC}") = "AccuIT.CommonLayer.AopContainer", "AccuIT.CommonLayer.AopContainer\AccuIT.CommonLayer.AopContainer.csproj", "{99F5F4CF-72A6-48C0-8071-63088E82B8ED}"
EndProject
Project("{FAE04EC0-301F-11D3-BF4B-00C04F79EFBC}") = "AccuIT.CommonLayer.AopRegistrations", "AccuIT.CommonLayer.AopRegistrations\AccuIT.CommonLayer.AopRegistrations.csproj", "{EE3288AD-6B40-4AD3-8E2E-22959C9F9A14}"
EndProject
Project("{FAE04EC0-301F-11D3-BF4B-00C04F79EFBC}") = "AccuIT.CommonLayer.Aspects", "AccuIT.CommonLayer.Aspects\AccuIT.CommonLayer.Aspects.csproj", "{68BE71AA-A80E-4516-9547-F811AB594B71}"
EndProject
Project("{FAE04EC0-301F-11D3-BF4B-00C04F79EFBC}") = "AccuIT.CommonLayer.EntityMapper", "AccuIT.CommonLayer.EntityMapper\AccuIT.CommonLayer.EntityMapper.csproj", "{C85C0EFD-914F-4BE5-A865-74A67F052D05}"
EndProject
Project("{FAE04EC0-301F-11D3-BF4B-00C04F79EFBC}") = "AccuIT.CommonLayer.Resources", "AccuIT.CommonLayer.Resources\AccuIT.CommonLayer.Resources.csproj", "{BE2EB692-F383-4E77-9B13-2C9D90142CA8}"
EndProject
Project("{FAE04EC0-301F-11D3-BF4B-00C04F79EFBC}") = "AccuIT.PersistenceLayer.Data", "AccuIT.PersistenceLayer.Data\AccuIT.PersistenceLayer.Data.csproj", "{1204A677-1753-4B3C-A99F-75DABDF6339D}"
EndProject
Project("{FAE04EC0-301F-11D3-BF4B-00C04F79EFBC}") = "AccuIT.PersistenceLayer.Repository", "AccuIT.PersistenceLayer.Repository\AccuIT.PersistenceLayer.Repository.csproj", "{9823FDB3-58BC-4962-A647-9574E50ED330}"
EndProject
Project("{FAE04EC0-301F-11D3-BF4B-00C04F79EFBC}") = "AccuIT.BusinessLayer.IC", "AccuIT.BusinessLayer.IC\AccuIT.BusinessLayer.IC.csproj", "{62F1F9B2-038F-4CE1-BC16-690472FB1EF5}"
EndProject
Project("{FAE04EC0-301F-11D3-BF4B-00C04F79EFBC}") = "AccuIT.PresentationLayer.ServiceImpl", "AccuIT.PresentationLayer.ServiceImpl\AccuIT.PresentationLayer.ServiceImpl.csproj", "{07A795FF-CCCE-41A7-BE27-6B8EC3CDD57E}"
EndProject
Project("{FAE04EC0-301F-11D3-BF4B-00C04F79EFBC}") = "PresentationLayer.DreamWedds.Web", "PresentationLayer.DreamWedds.Web\PresentationLayer.DreamWedds.Web\PresentationLayer.DreamWedds.Web.csproj", "{B48120D0-35D4-4651-B96A-6F36EFDE2997}"
	ProjectSection(ProjectDependencies) = postProject
		{65F44BDC-99F1-4062-8345-8E45D970D497} = {65F44BDC-99F1-4062-8345-8E45D970D497}
	EndProjectSection
EndProject
Project("{FAE04EC0-301F-11D3-BF4B-00C04F79EFBC}") = "AccuIT.PresentationLayer.WebAdmin", "AccuIT.PresentationLayer.WebAdmin\AccuIT.PresentationLayer.WebAdmin.csproj", "{2A45A0E6-691B-4911-844C-B21428B0005E}"
	ProjectSection(ProjectDependencies) = postProject
		{65F44BDC-99F1-4062-8345-8E45D970D497} = {65F44BDC-99F1-4062-8345-8E45D970D497}
	EndProjectSection
EndProject
Project("{FAE04EC0-301F-11D3-BF4B-00C04F79EFBC}") = "AccuIT.PresentationLayer.ServiceApp", "AccuIT.PresentationLayer.ServiceApp\AccuIT.PresentationLayer.ServiceApp.csproj", "{65F44BDC-99F1-4062-8345-8E45D970D497}"
EndProject
Global
	GlobalSection(SolutionConfigurationPlatforms) = preSolution
		Debug|Any CPU = Debug|Any CPU
		Debug|x64 = Debug|x64
		Debug|x86 = Debug|x86
		Release|Any CPU = Release|Any CPU
		Release|x64 = Release|x64
		Release|x86 = Release|x86
	EndGlobalSection
	GlobalSection(ProjectConfigurationPlatforms) = postSolution
		{4D2CFE6D-7CE6-4A1D-B18C-00E18DD3C13E}.Debug|Any CPU.ActiveCfg = Debug|Any CPU
		{4D2CFE6D-7CE6-4A1D-B18C-00E18DD3C13E}.Debug|Any CPU.Build.0 = Debug|Any CPU
		{4D2CFE6D-7CE6-4A1D-B18C-00E18DD3C13E}.Debug|x64.ActiveCfg = Debug|Any CPU
		{4D2CFE6D-7CE6-4A1D-B18C-00E18DD3C13E}.Debug|x86.ActiveCfg = Debug|Any CPU
		{4D2CFE6D-7CE6-4A1D-B18C-00E18DD3C13E}.Release|Any CPU.ActiveCfg = Release|Any CPU
		{4D2CFE6D-7CE6-4A1D-B18C-00E18DD3C13E}.Release|Any CPU.Build.0 = Release|Any CPU
		{4D2CFE6D-7CE6-4A1D-B18C-00E18DD3C13E}.Release|x64.ActiveCfg = Release|Any CPU
		{4D2CFE6D-7CE6-4A1D-B18C-00E18DD3C13E}.Release|x86.ActiveCfg = Release|Any CPU
		{2E0033C2-DC90-42DD-949A-A06715153582}.Debug|Any CPU.ActiveCfg = Debug|Any CPU
		{2E0033C2-DC90-42DD-949A-A06715153582}.Debug|Any CPU.Build.0 = Debug|Any CPU
		{2E0033C2-DC90-42DD-949A-A06715153582}.Debug|x64.ActiveCfg = Debug|x64
		{2E0033C2-DC90-42DD-949A-A06715153582}.Debug|x64.Build.0 = Debug|x64
		{2E0033C2-DC90-42DD-949A-A06715153582}.Debug|x86.ActiveCfg = Debug|x86
		{2E0033C2-DC90-42DD-949A-A06715153582}.Debug|x86.Build.0 = Debug|x86
		{2E0033C2-DC90-42DD-949A-A06715153582}.Release|Any CPU.ActiveCfg = Release|Any CPU
		{2E0033C2-DC90-42DD-949A-A06715153582}.Release|Any CPU.Build.0 = Release|Any CPU
		{2E0033C2-DC90-42DD-949A-A06715153582}.Release|x64.ActiveCfg = Release|x64
		{2E0033C2-DC90-42DD-949A-A06715153582}.Release|x64.Build.0 = Release|x64
		{2E0033C2-DC90-42DD-949A-A06715153582}.Release|x86.ActiveCfg = Release|x86
		{2E0033C2-DC90-42DD-949A-A06715153582}.Release|x86.Build.0 = Release|x86
		{1E19237F-B4B4-4320-864D-BC0568C1EDA6}.Debug|Any CPU.ActiveCfg = Debug|Any CPU
		{1E19237F-B4B4-4320-864D-BC0568C1EDA6}.Debug|Any CPU.Build.0 = Debug|Any CPU
		{1E19237F-B4B4-4320-864D-BC0568C1EDA6}.Debug|x64.ActiveCfg = Debug|x64
		{1E19237F-B4B4-4320-864D-BC0568C1EDA6}.Debug|x64.Build.0 = Debug|x64
		{1E19237F-B4B4-4320-864D-BC0568C1EDA6}.Debug|x86.ActiveCfg = Debug|x86
		{1E19237F-B4B4-4320-864D-BC0568C1EDA6}.Debug|x86.Build.0 = Debug|x86
		{1E19237F-B4B4-4320-864D-BC0568C1EDA6}.Release|Any CPU.ActiveCfg = Release|Any CPU
		{1E19237F-B4B4-4320-864D-BC0568C1EDA6}.Release|Any CPU.Build.0 = Release|Any CPU
		{1E19237F-B4B4-4320-864D-BC0568C1EDA6}.Release|x64.ActiveCfg = Release|x64
		{1E19237F-B4B4-4320-864D-BC0568C1EDA6}.Release|x64.Build.0 = Release|x64
		{1E19237F-B4B4-4320-864D-BC0568C1EDA6}.Release|x86.ActiveCfg = Release|x86
		{1E19237F-B4B4-4320-864D-BC0568C1EDA6}.Release|x86.Build.0 = Release|x86
		{1F2D0A83-D105-4790-B5E8-90FC5A648102}.Debug|Any CPU.ActiveCfg = Debug|Any CPU
		{1F2D0A83-D105-4790-B5E8-90FC5A648102}.Debug|Any CPU.Build.0 = Debug|Any CPU
		{1F2D0A83-D105-4790-B5E8-90FC5A648102}.Debug|x64.ActiveCfg = Debug|x64
		{1F2D0A83-D105-4790-B5E8-90FC5A648102}.Debug|x64.Build.0 = Debug|x64
		{1F2D0A83-D105-4790-B5E8-90FC5A648102}.Debug|x86.ActiveCfg = Debug|x86
		{1F2D0A83-D105-4790-B5E8-90FC5A648102}.Debug|x86.Build.0 = Debug|x86
		{1F2D0A83-D105-4790-B5E8-90FC5A648102}.Release|Any CPU.ActiveCfg = Release|Any CPU
		{1F2D0A83-D105-4790-B5E8-90FC5A648102}.Release|Any CPU.Build.0 = Release|Any CPU
		{1F2D0A83-D105-4790-B5E8-90FC5A648102}.Release|x64.ActiveCfg = Release|x64
		{1F2D0A83-D105-4790-B5E8-90FC5A648102}.Release|x64.Build.0 = Release|x64
		{1F2D0A83-D105-4790-B5E8-90FC5A648102}.Release|x86.ActiveCfg = Release|x86
		{1F2D0A83-D105-4790-B5E8-90FC5A648102}.Release|x86.Build.0 = Release|x86
		{99F5F4CF-72A6-48C0-8071-63088E82B8ED}.Debug|Any CPU.ActiveCfg = Debug|Any CPU
		{99F5F4CF-72A6-48C0-8071-63088E82B8ED}.Debug|Any CPU.Build.0 = Debug|Any CPU
		{99F5F4CF-72A6-48C0-8071-63088E82B8ED}.Debug|x64.ActiveCfg = Debug|x64
		{99F5F4CF-72A6-48C0-8071-63088E82B8ED}.Debug|x64.Build.0 = Debug|x64
		{99F5F4CF-72A6-48C0-8071-63088E82B8ED}.Debug|x86.ActiveCfg = Debug|x86
		{99F5F4CF-72A6-48C0-8071-63088E82B8ED}.Debug|x86.Build.0 = Debug|x86
		{99F5F4CF-72A6-48C0-8071-63088E82B8ED}.Release|Any CPU.ActiveCfg = Release|Any CPU
		{99F5F4CF-72A6-48C0-8071-63088E82B8ED}.Release|Any CPU.Build.0 = Release|Any CPU
		{99F5F4CF-72A6-48C0-8071-63088E82B8ED}.Release|x64.ActiveCfg = Release|x64
		{99F5F4CF-72A6-48C0-8071-63088E82B8ED}.Release|x64.Build.0 = Release|x64
		{99F5F4CF-72A6-48C0-8071-63088E82B8ED}.Release|x86.ActiveCfg = Release|x86
		{99F5F4CF-72A6-48C0-8071-63088E82B8ED}.Release|x86.Build.0 = Release|x86
		{EE3288AD-6B40-4AD3-8E2E-22959C9F9A14}.Debug|Any CPU.ActiveCfg = Debug|Any CPU
		{EE3288AD-6B40-4AD3-8E2E-22959C9F9A14}.Debug|Any CPU.Build.0 = Debug|Any CPU
		{EE3288AD-6B40-4AD3-8E2E-22959C9F9A14}.Debug|x64.ActiveCfg = Debug|x64
		{EE3288AD-6B40-4AD3-8E2E-22959C9F9A14}.Debug|x64.Build.0 = Debug|x64
		{EE3288AD-6B40-4AD3-8E2E-22959C9F9A14}.Debug|x86.ActiveCfg = Debug|x86
		{EE3288AD-6B40-4AD3-8E2E-22959C9F9A14}.Debug|x86.Build.0 = Debug|x86
		{EE3288AD-6B40-4AD3-8E2E-22959C9F9A14}.Release|Any CPU.ActiveCfg = Release|Any CPU
		{EE3288AD-6B40-4AD3-8E2E-22959C9F9A14}.Release|Any CPU.Build.0 = Release|Any CPU
		{EE3288AD-6B40-4AD3-8E2E-22959C9F9A14}.Release|x64.ActiveCfg = Release|x64
		{EE3288AD-6B40-4AD3-8E2E-22959C9F9A14}.Release|x64.Build.0 = Release|x64
		{EE3288AD-6B40-4AD3-8E2E-22959C9F9A14}.Release|x86.ActiveCfg = Release|x86
		{EE3288AD-6B40-4AD3-8E2E-22959C9F9A14}.Release|x86.Build.0 = Release|x86
		{68BE71AA-A80E-4516-9547-F811AB594B71}.Debug|Any CPU.ActiveCfg = Debug|Any CPU
		{68BE71AA-A80E-4516-9547-F811AB594B71}.Debug|Any CPU.Build.0 = Debug|Any CPU
		{68BE71AA-A80E-4516-9547-F811AB594B71}.Debug|x64.ActiveCfg = Debug|x64
		{68BE71AA-A80E-4516-9547-F811AB594B71}.Debug|x64.Build.0 = Debug|x64
		{68BE71AA-A80E-4516-9547-F811AB594B71}.Debug|x86.ActiveCfg = Debug|x86
		{68BE71AA-A80E-4516-9547-F811AB594B71}.Debug|x86.Build.0 = Debug|x86
		{68BE71AA-A80E-4516-9547-F811AB594B71}.Release|Any CPU.ActiveCfg = Release|Any CPU
		{68BE71AA-A80E-4516-9547-F811AB594B71}.Release|Any CPU.Build.0 = Release|Any CPU
		{68BE71AA-A80E-4516-9547-F811AB594B71}.Release|x64.ActiveCfg = Release|x64
		{68BE71AA-A80E-4516-9547-F811AB594B71}.Release|x64.Build.0 = Release|x64
		{68BE71AA-A80E-4516-9547-F811AB594B71}.Release|x86.ActiveCfg = Release|x86
		{68BE71AA-A80E-4516-9547-F811AB594B71}.Release|x86.Build.0 = Release|x86
		{C85C0EFD-914F-4BE5-A865-74A67F052D05}.Debug|Any CPU.ActiveCfg = Debug|Any CPU
		{C85C0EFD-914F-4BE5-A865-74A67F052D05}.Debug|Any CPU.Build.0 = Debug|Any CPU
		{C85C0EFD-914F-4BE5-A865-74A67F052D05}.Debug|x64.ActiveCfg = Debug|x64
		{C85C0EFD-914F-4BE5-A865-74A67F052D05}.Debug|x64.Build.0 = Debug|x64
		{C85C0EFD-914F-4BE5-A865-74A67F052D05}.Debug|x86.ActiveCfg = Debug|x86
		{C85C0EFD-914F-4BE5-A865-74A67F052D05}.Debug|x86.Build.0 = Debug|x86
		{C85C0EFD-914F-4BE5-A865-74A67F052D05}.Release|Any CPU.ActiveCfg = Release|Any CPU
		{C85C0EFD-914F-4BE5-A865-74A67F052D05}.Release|Any CPU.Build.0 = Release|Any CPU
		{C85C0EFD-914F-4BE5-A865-74A67F052D05}.Release|x64.ActiveCfg = Release|x64
		{C85C0EFD-914F-4BE5-A865-74A67F052D05}.Release|x64.Build.0 = Release|x64
		{C85C0EFD-914F-4BE5-A865-74A67F052D05}.Release|x86.ActiveCfg = Release|x86
		{C85C0EFD-914F-4BE5-A865-74A67F052D05}.Release|x86.Build.0 = Release|x86
		{BE2EB692-F383-4E77-9B13-2C9D90142CA8}.Debug|Any CPU.ActiveCfg = Debug|Any CPU
		{BE2EB692-F383-4E77-9B13-2C9D90142CA8}.Debug|Any CPU.Build.0 = Debug|Any CPU
		{BE2EB692-F383-4E77-9B13-2C9D90142CA8}.Debug|x64.ActiveCfg = Debug|x64
		{BE2EB692-F383-4E77-9B13-2C9D90142CA8}.Debug|x64.Build.0 = Debug|x64
		{BE2EB692-F383-4E77-9B13-2C9D90142CA8}.Debug|x86.ActiveCfg = Debug|x86
		{BE2EB692-F383-4E77-9B13-2C9D90142CA8}.Debug|x86.Build.0 = Debug|x86
		{BE2EB692-F383-4E77-9B13-2C9D90142CA8}.Release|Any CPU.ActiveCfg = Release|Any CPU
		{BE2EB692-F383-4E77-9B13-2C9D90142CA8}.Release|Any CPU.Build.0 = Release|Any CPU
		{BE2EB692-F383-4E77-9B13-2C9D90142CA8}.Release|x64.ActiveCfg = Release|x64
		{BE2EB692-F383-4E77-9B13-2C9D90142CA8}.Release|x64.Build.0 = Release|x64
		{BE2EB692-F383-4E77-9B13-2C9D90142CA8}.Release|x86.ActiveCfg = Release|x86
		{BE2EB692-F383-4E77-9B13-2C9D90142CA8}.Release|x86.Build.0 = Release|x86
		{1204A677-1753-4B3C-A99F-75DABDF6339D}.Debug|Any CPU.ActiveCfg = Debug|Any CPU
		{1204A677-1753-4B3C-A99F-75DABDF6339D}.Debug|Any CPU.Build.0 = Debug|Any CPU
		{1204A677-1753-4B3C-A99F-75DABDF6339D}.Debug|x64.ActiveCfg = Debug|x64
		{1204A677-1753-4B3C-A99F-75DABDF6339D}.Debug|x64.Build.0 = Debug|x64
		{1204A677-1753-4B3C-A99F-75DABDF6339D}.Debug|x86.ActiveCfg = Debug|x86
		{1204A677-1753-4B3C-A99F-75DABDF6339D}.Debug|x86.Build.0 = Debug|x86
		{1204A677-1753-4B3C-A99F-75DABDF6339D}.Release|Any CPU.ActiveCfg = Release|Any CPU
		{1204A677-1753-4B3C-A99F-75DABDF6339D}.Release|Any CPU.Build.0 = Release|Any CPU
		{1204A677-1753-4B3C-A99F-75DABDF6339D}.Release|x64.ActiveCfg = Release|x64
		{1204A677-1753-4B3C-A99F-75DABDF6339D}.Release|x64.Build.0 = Release|x64
		{1204A677-1753-4B3C-A99F-75DABDF6339D}.Release|x86.ActiveCfg = Release|x86
		{1204A677-1753-4B3C-A99F-75DABDF6339D}.Release|x86.Build.0 = Release|x86
		{9823FDB3-58BC-4962-A647-9574E50ED330}.Debug|Any CPU.ActiveCfg = Debug|Any CPU
		{9823FDB3-58BC-4962-A647-9574E50ED330}.Debug|Any CPU.Build.0 = Debug|Any CPU
		{9823FDB3-58BC-4962-A647-9574E50ED330}.Debug|x64.ActiveCfg = Debug|x64
		{9823FDB3-58BC-4962-A647-9574E50ED330}.Debug|x64.Build.0 = Debug|x64
		{9823FDB3-58BC-4962-A647-9574E50ED330}.Debug|x86.ActiveCfg = Debug|x86
		{9823FDB3-58BC-4962-A647-9574E50ED330}.Debug|x86.Build.0 = Debug|x86
		{9823FDB3-58BC-4962-A647-9574E50ED330}.Release|Any CPU.ActiveCfg = Release|Any CPU
		{9823FDB3-58BC-4962-A647-9574E50ED330}.Release|Any CPU.Build.0 = Release|Any CPU
		{9823FDB3-58BC-4962-A647-9574E50ED330}.Release|x64.ActiveCfg = Release|x64
		{9823FDB3-58BC-4962-A647-9574E50ED330}.Release|x64.Build.0 = Release|x64
		{9823FDB3-58BC-4962-A647-9574E50ED330}.Release|x86.ActiveCfg = Release|x86
		{9823FDB3-58BC-4962-A647-9574E50ED330}.Release|x86.Build.0 = Release|x86
		{62F1F9B2-038F-4CE1-BC16-690472FB1EF5}.Debug|Any CPU.ActiveCfg = Debug|Any CPU
		{62F1F9B2-038F-4CE1-BC16-690472FB1EF5}.Debug|Any CPU.Build.0 = Debug|Any CPU
		{62F1F9B2-038F-4CE1-BC16-690472FB1EF5}.Debug|x64.ActiveCfg = Debug|x64
		{62F1F9B2-038F-4CE1-BC16-690472FB1EF5}.Debug|x64.Build.0 = Debug|x64
		{62F1F9B2-038F-4CE1-BC16-690472FB1EF5}.Debug|x86.ActiveCfg = Debug|x86
		{62F1F9B2-038F-4CE1-BC16-690472FB1EF5}.Debug|x86.Build.0 = Debug|x86
		{62F1F9B2-038F-4CE1-BC16-690472FB1EF5}.Release|Any CPU.ActiveCfg = Release|Any CPU
		{62F1F9B2-038F-4CE1-BC16-690472FB1EF5}.Release|Any CPU.Build.0 = Release|Any CPU
		{62F1F9B2-038F-4CE1-BC16-690472FB1EF5}.Release|x64.ActiveCfg = Release|x64
		{62F1F9B2-038F-4CE1-BC16-690472FB1EF5}.Release|x64.Build.0 = Release|x64
		{62F1F9B2-038F-4CE1-BC16-690472FB1EF5}.Release|x86.ActiveCfg = Release|x86
		{62F1F9B2-038F-4CE1-BC16-690472FB1EF5}.Release|x86.Build.0 = Release|x86
		{07A795FF-CCCE-41A7-BE27-6B8EC3CDD57E}.Debug|Any CPU.ActiveCfg = Debug|Any CPU
		{07A795FF-CCCE-41A7-BE27-6B8EC3CDD57E}.Debug|Any CPU.Build.0 = Debug|Any CPU
		{07A795FF-CCCE-41A7-BE27-6B8EC3CDD57E}.Debug|x64.ActiveCfg = Debug|x64
		{07A795FF-CCCE-41A7-BE27-6B8EC3CDD57E}.Debug|x64.Build.0 = Debug|x64
		{07A795FF-CCCE-41A7-BE27-6B8EC3CDD57E}.Debug|x86.ActiveCfg = Debug|x86
		{07A795FF-CCCE-41A7-BE27-6B8EC3CDD57E}.Debug|x86.Build.0 = Debug|x86
		{07A795FF-CCCE-41A7-BE27-6B8EC3CDD57E}.Release|Any CPU.ActiveCfg = Release|Any CPU
		{07A795FF-CCCE-41A7-BE27-6B8EC3CDD57E}.Release|Any CPU.Build.0 = Release|Any CPU
		{07A795FF-CCCE-41A7-BE27-6B8EC3CDD57E}.Release|x64.ActiveCfg = Release|x64
		{07A795FF-CCCE-41A7-BE27-6B8EC3CDD57E}.Release|x64.Build.0 = Release|x64
		{07A795FF-CCCE-41A7-BE27-6B8EC3CDD57E}.Release|x86.ActiveCfg = Release|x86
		{07A795FF-CCCE-41A7-BE27-6B8EC3CDD57E}.Release|x86.Build.0 = Release|x86
		{B48120D0-35D4-4651-B96A-6F36EFDE2997}.Debug|Any CPU.ActiveCfg = Debug|Any CPU
		{B48120D0-35D4-4651-B96A-6F36EFDE2997}.Debug|Any CPU.Build.0 = Debug|Any CPU
		{B48120D0-35D4-4651-B96A-6F36EFDE2997}.Debug|x64.ActiveCfg = Debug|Any CPU
		{B48120D0-35D4-4651-B96A-6F36EFDE2997}.Debug|x86.ActiveCfg = Debug|Any CPU
		{B48120D0-35D4-4651-B96A-6F36EFDE2997}.Release|Any CPU.ActiveCfg = Release|Any CPU
		{B48120D0-35D4-4651-B96A-6F36EFDE2997}.Release|Any CPU.Build.0 = Release|Any CPU
		{B48120D0-35D4-4651-B96A-6F36EFDE2997}.Release|x64.ActiveCfg = Release|Any CPU
		{B48120D0-35D4-4651-B96A-6F36EFDE2997}.Release|x86.ActiveCfg = Release|Any CPU
		{2A45A0E6-691B-4911-844C-B21428B0005E}.Debug|Any CPU.ActiveCfg = Debug|Any CPU
		{2A45A0E6-691B-4911-844C-B21428B0005E}.Debug|Any CPU.Build.0 = Debug|Any CPU
		{2A45A0E6-691B-4911-844C-B21428B0005E}.Debug|x64.ActiveCfg = Debug|Any CPU
		{2A45A0E6-691B-4911-844C-B21428B0005E}.Debug|x86.ActiveCfg = Debug|Any CPU
		{2A45A0E6-691B-4911-844C-B21428B0005E}.Release|Any CPU.ActiveCfg = Release|Any CPU
		{2A45A0E6-691B-4911-844C-B21428B0005E}.Release|Any CPU.Build.0 = Release|Any CPU
		{2A45A0E6-691B-4911-844C-B21428B0005E}.Release|x64.ActiveCfg = Release|Any CPU
		{2A45A0E6-691B-4911-844C-B21428B0005E}.Release|x86.ActiveCfg = Release|Any CPU
		{65F44BDC-99F1-4062-8345-8E45D970D497}.Debug|Any CPU.ActiveCfg = Debug|Any CPU
		{65F44BDC-99F1-4062-8345-8E45D970D497}.Debug|Any CPU.Build.0 = Debug|Any CPU
		{65F44BDC-99F1-4062-8345-8E45D970D497}.Debug|x64.ActiveCfg = Debug|x64
		{65F44BDC-99F1-4062-8345-8E45D970D497}.Debug|x64.Build.0 = Debug|x64
		{65F44BDC-99F1-4062-8345-8E45D970D497}.Debug|x86.ActiveCfg = Debug|x86
		{65F44BDC-99F1-4062-8345-8E45D970D497}.Debug|x86.Build.0 = Debug|x86
		{65F44BDC-99F1-4062-8345-8E45D970D497}.Release|Any CPU.ActiveCfg = Release|Any CPU
		{65F44BDC-99F1-4062-8345-8E45D970D497}.Release|Any CPU.Build.0 = Release|Any CPU
		{65F44BDC-99F1-4062-8345-8E45D970D497}.Release|x64.ActiveCfg = Release|x64
		{65F44BDC-99F1-4062-8345-8E45D970D497}.Release|x64.Build.0 = Release|x64
		{65F44BDC-99F1-4062-8345-8E45D970D497}.Release|x86.ActiveCfg = Release|x86
		{65F44BDC-99F1-4062-8345-8E45D970D497}.Release|x86.Build.0 = Release|x86
	EndGlobalSection
	GlobalSection(SolutionProperties) = preSolution
		HideSolutionNode = FALSE
	EndGlobalSection
	GlobalSection(NestedProjects) = preSolution
		{4D2CFE6D-7CE6-4A1D-B18C-00E18DD3C13E} = {05ACA57B-D686-44D7-9A70-8E5105792F7D}
		{2E0033C2-DC90-42DD-949A-A06715153582} = {E38B0BA2-AAF2-470B-B744-4255D970D07A}
		{1E19237F-B4B4-4320-864D-BC0568C1EDA6} = {E38B0BA2-AAF2-470B-B744-4255D970D07A}
		{1F2D0A83-D105-4790-B5E8-90FC5A648102} = {E38B0BA2-AAF2-470B-B744-4255D970D07A}
		{99F5F4CF-72A6-48C0-8071-63088E82B8ED} = {13EF3860-AC98-4195-A3F2-4A9BC8061956}
		{EE3288AD-6B40-4AD3-8E2E-22959C9F9A14} = {13EF3860-AC98-4195-A3F2-4A9BC8061956}
		{68BE71AA-A80E-4516-9547-F811AB594B71} = {13EF3860-AC98-4195-A3F2-4A9BC8061956}
		{C85C0EFD-914F-4BE5-A865-74A67F052D05} = {13EF3860-AC98-4195-A3F2-4A9BC8061956}
		{BE2EB692-F383-4E77-9B13-2C9D90142CA8} = {13EF3860-AC98-4195-A3F2-4A9BC8061956}
		{1204A677-1753-4B3C-A99F-75DABDF6339D} = {EDCDE835-4CB2-48C1-A650-E837198BC817}
		{9823FDB3-58BC-4962-A647-9574E50ED330} = {EDCDE835-4CB2-48C1-A650-E837198BC817}
		{62F1F9B2-038F-4CE1-BC16-690472FB1EF5} = {E38B0BA2-AAF2-470B-B744-4255D970D07A}
		{07A795FF-CCCE-41A7-BE27-6B8EC3CDD57E} = {B7E00FF9-5A6E-40BE-8A19-368F0904B4CC}
		{B48120D0-35D4-4651-B96A-6F36EFDE2997} = {B7E00FF9-5A6E-40BE-8A19-368F0904B4CC}
		{2A45A0E6-691B-4911-844C-B21428B0005E} = {B7E00FF9-5A6E-40BE-8A19-368F0904B4CC}
		{65F44BDC-99F1-4062-8345-8E45D970D497} = {B7E00FF9-5A6E-40BE-8A19-368F0904B4CC}
	EndGlobalSection
	GlobalSection(ExtensibilityGlobals) = postSolution
		SolutionGuid = {83DBD243-B049-4D96-BC15-D7AADBF4F5C8}
	EndGlobalSection
EndGlobal
